{
  "name": "getsebdoing",
  "version": "1.0.0",
  "lockfileVersion": 1,
  "requires": true,
  "dependencies": {
    "tiddlywiki": {
      "version": "5.1.19",
      "resolved": "https://registry.npmjs.org/tiddlywiki/-/tiddlywiki-5.1.19.tgz",
      "integrity": "sha512-G7JnwrQJ6d2ue49yaBl7WzmTOV/WH/mm4WgknChr6z8sSUVU+czPoYBXfwqHOuCbdZqWRPjiYfjkdm+eUiWodw=="
    }
  }
}
